<?xml version="1.0" encoding="utf-8"?>
<Project ToolsVersion="4.0" xmlns="http://schemas.microsoft.com/developer/msbuild/2003">
  <ItemGroup>
    <Filter Include="Source Files">
      <UniqueIdentifier>{4FC737F1-C7A5-4376-A066-2A32D752A2FF}</UniqueIdentifier>
      <Extensions>cpp;c;cc;cxx;def;odl;idl;hpj;bat;asm;asmx</Extensions>
    </Filter>
    <Filter Include="Header Files">
      <UniqueIdentifier>{93995380-89BD-4b04-88EB-625FBE52EBFB}</UniqueIdentifier>
      <Extensions>h;hh;hpp;hxx;hm;inl;inc;xsd</Extensions>
    </Filter>
    <Filter Include="Resource Files">
      <UniqueIdentifier>{67DA6AB6-F800-4c08-8B7A-83BB121AAD01}</UniqueIdentifier>
      <Extensions>rc;ico;cur;bmp;dlg;rc2;rct;bin;rgs;gif;jpg;jpeg;jpe;resx;tiff;tif;png;wav;mfcribbon-ms</Extensions>
    </Filter>
  </ItemGroup>
  <ItemGroup>
    <Text Include="ReadMe.txt" />
  </ItemGroup>
  <ItemGroup>
    <ClInclude Include="stdafx.h">
      <Filter>Header Files</Filter>
    </ClInclude>
    <ClInclude Include="targetver.h">
      <Filter>Header Files</Filter>
    </ClInclude>
    <ClInclude Include="..\Include\OYM_Callback.h">
      <Filter>Header Files</Filter>
    </ClInclude>
    <ClInclude Include="..\Include\oym_types.h">
      <Filter>Header Files</Filter>
    </ClInclude>
    <ClInclude Include="..\OYM_AM\include\AdapterManager.h">
      <Filter>Header Files</Filter>
    </ClInclude>
    <ClInclude Include="..\OYM_AM\include\GattClient.h">
      <Filter>Header Files</Filter>
    </ClInclude>
    <ClInclude Include="..\OYM_AM\include\RemoteDevice.h">
      <Filter>Header Files</Filter>
    </ClInclude>
    <ClInclude Include="..\OYM_DS\include\DiscoveryService.h">
      <Filter>Header Files</Filter>
    </ClInclude>
    <ClInclude Include="..\OYM_LOG\include\OYM_Log.h">
      <Filter>Header Files</Filter>
    </ClInclude>
    <ClInclude Include="..\OYM_NIF\include\OYM_NIF.h">
      <Filter>Header Files</Filter>
    </ClInclude>
    <ClInclude Include="..\..\NPI\Include\com.h">
      <Filter>Header Files</Filter>
    </ClInclude>
    <ClInclude Include="..\..\NPI\Include\CommonDef.h">
      <Filter>Header Files</Filter>
    </ClInclude>
    <ClInclude Include="..\..\NPI\Include\gap.h">
      <Filter>Header Files</Filter>
    </ClInclude>
    <ClInclude Include="..\..\NPI\Include\gatt.h">
      <Filter>Header Files</Filter>
    </ClInclude>
    <ClInclude Include="..\..\NPI\Include\log.h">
      <Filter>Header Files</Filter>
    </ClInclude>
    <ClInclude Include="..\..\NPI\Include\npi_cmd.h">
      <Filter>Header Files</Filter>
    </ClInclude>
    <ClInclude Include="..\..\NPI\Include\npi_evt.h">
      <Filter>Header Files</Filter>
    </ClInclude>
    <ClInclude Include="..\..\NPI\Include\npi_queue.h">
      <Filter>Header Files</Filter>
    </ClInclude>
    <ClInclude Include="..\..\NPI\Include\npi_tl.h">
      <Filter>Header Files</Filter>
    </ClInclude>
    <ClInclude Include="..\..\NPI\Include\Thread.h">
      <Filter>Header Files</Filter>
    </ClInclude>
    <ClInclude Include="..\OYM_DB\include\OYM_Database.h">
      <Filter>Header Files</Filter>
    </ClInclude>
    <ClInclude Include="..\OYM_DB\include\tinyxml2.h">
      <Filter>Header Files</Filter>
    </ClInclude>
    <ClInclude Include="..\Include\app.h">
      <Filter>Header Files</Filter>
    </ClInclude>
  </ItemGroup>
  <ItemGroup>
    <ClCompile Include="stdafx.cpp">
      <Filter>Source Files</Filter>
    </ClCompile>
    <ClCompile Include="App.cpp">
      <Filter>Source Files</Filter>
    </ClCompile>
    <ClCompile Include="..\..\NPI\NpiInterface\com.cpp">
      <Filter>Source Files</Filter>
    </ClCompile>
    <ClCompile Include="..\..\NPI\NpiInterface\log.cpp">
      <Filter>Source Files</Filter>
    </ClCompile>
    <ClCompile Include="..\..\NPI\NpiInterface\npi_cmd.cpp">
      <Filter>Source Files</Filter>
    </ClCompile>
    <ClCompile Include="..\..\NPI\NpiInterface\npi_evt.cpp">
      <Filter>Source Files</Filter>
    </ClCompile>
    <ClCompile Include="..\..\NPI\NpiInterface\npi_tl.cpp">
      <Filter>Source Files</Filter>
    </ClCompile>
    <ClCompile Include="..\..\NPI\NpiInterface\Thread.cpp">
      <Filter>Source Files</Filter>
    </ClCompile>
    <ClCompile Include="..\OYM_AM\src\AdapterManager.cpp">
      <Filter>Source Files</Filter>
    </ClCompile>
    <ClCompile Include="..\OYM_AM\src\GattClient.cpp">
      <Filter>Source Files</Filter>
    </ClCompile>
    <ClCompile Include="..\OYM_AM\src\RemoteDevice.cpp">
      <Filter>Source Files</Filter>
    </ClCompile>
    <ClCompile Include="..\OYM_DS\src\DiscoveryService.cpp">
      <Filter>Source Files</Filter>
    </ClCompile>
    <ClCompile Include="..\OYM_LOG\src\OYM_Log.cpp">
      <Filter>Source Files</Filter>
    </ClCompile>
    <ClCompile Include="..\OYM_NIF\src\OYM_NIF.cpp">
      <Filter>Source Files</Filter>
    </ClCompile>
    <ClCompile Include="..\OYM_DB\src\OYM_Database.cpp">
      <Filter>Source Files</Filter>
    </ClCompile>
    <ClCompile Include="..\OYM_DB\src\tinyxml2.cpp">
      <Filter>Source Files</Filter>
    </ClCompile>
  </ItemGroup>
</Project>